
Microsoft Visual Studio Solution File, Format Version 12.00
# Visual Studio Version 17
VisualStudioVersion = 17.2.32616.157
MinimumVisualStudioVersion = 10.0.40219.1
Project("{FAE04EC0-301F-11D3-BF4B-00C04F79EFBC}") = "Bai1", "Bai1\Bai1.csproj", "{26E254B8-4D1E-4186-9C0E-3520DE06620B}"
EndProject
Global
	GlobalSection(SolutionConfigurationPlatforms) = preSolution
		Debug|Any CPU = Debug|Any CPU
		Release|Any CPU = Release|Any CPU
	EndGlobalSection
	GlobalSection(ProjectConfigurationPlatforms) = postSolution
		{26E254B8-4D1E-4186-9C0E-3520DE06620B}.Debug|Any CPU.ActiveCfg = Debug|Any CPU
		{26E254B8-4D1E-4186-9C0E-3520DE06620B}.Debug|Any CPU.Build.0 = Debug|Any CPU
		{26E254B8-4D1E-4186-9C0E-3520DE06620B}.Release|Any CPU.ActiveCfg = Release|Any CPU
		{26E254B8-4D1E-4186-9C0E-3520DE06620B}.Release|Any CPU.Build.0 = Release|Any CPU
	EndGlobalSection
	GlobalSection(SolutionProperties) = preSolution
		HideSolutionNode = FALSE
	EndGlobalSection
	GlobalSection(ExtensibilityGlobals) = postSolution
		SolutionGuid = {8B36E6C7-1D23-4FAE-BE76-F510AF55F32D}
	EndGlobalSection
EndGlobal
